{
	"name": "rtg-for-outlook",
	"version": "1.1",
	"lockfileVersion": 2,
	"requires": true,
	"packages": {
		"": {
			"name": "rtg-for-outlook",
			"version": "1.1",
			"license": "MIT",
			"devDependencies": {
				"fs-extra": "^10.0.0",
				"replace-in-file": "^6.3.2",
				"sharp": "^0.35.0",
				"zip-local": "^0.3.5"
			},
			"engines": {
				"node": ">=10.0.0"
			}
		},
		"node_modules/@emnapi/runtime": {
			"version": "1.11.2",
			"resolved": "https://registry.npmjs.org/@emnapi/runtime/-/runtime-1.11.2.tgz",
			"integrity": "sha512-kyOl3X0DuTiT1h2ft8r2fYO8JYtU9a9Xis/zBSiGArNaagCOWx90N1k2wxp18czFDH+OgcWGb5ZP/XMt3dcyPA==",
			"dev": true,
			"optional": true,
			"dependencies": {
				"tslib": "^2.4.0"
			}
		},
		"node_modules/@img/colour": {
			"version": "1.1.0",
			"resolved": "https://registry.npmjs.org/@img/colour/-/colour-1.1.0.tgz",
			"integrity": "sha512-Td76q7j57o/tLVdgS746cYARfSyxk8iEfRxewL9h4OMzYhbW4TAcppl0mT4eyqXddh6L/jwoM75mo7ixa/pCeQ==",
			"dev": true,
			"engines": {
				"node": ">=18"
			}
		},
		"node_modules/@img/sharp-darwin-arm64": {
			"version": "0.35.0",
			"resolved": "https://registry.npmjs.org/@img/sharp-darwin-arm64/-/sharp-darwin-arm64-0.35.0.tgz",
			"integrity": "sha512-ZgaYEwaj+lx/5n4W8GmZ2IYz0PQHjN5eqRcfijWGB+2Aq7ZInZGa0qJyAn6DEtyLuWHRSrmWOqT9q3qqTBvmUQ==",
			"cpu": [
				"arm64"
			],
			"dev": true,
			"optional": true,
			"os": [
				"darwin"
			],
			"engines": {
				"node": ">=20.9.0"
			},
			"funding": {
				"url": "https://opencollective.com/libvips"
			},
			"optionalDependencies": {
				"@img/sharp-libvips-darwin-arm64": "1.3.0"
			}
		},
		"node_modules/@img/sharp-darwin-x64": {
			"version": "0.35.0",
			"resolved": "https://registry.npmjs.org/@img/sharp-darwin-x64/-/sharp-darwin-x64-0.35.0.tgz",
			"integrity": "sha512-c1z9LFpKB0slQW3RchwBE8iSVzGp70TNjUUO9k4BZwwW4HH7JBGHeIy4b+kk4n/kcBASb9evKCE3/7Slmslgiw==",
			"cpu": [
				"x64"
			],
			"dev": true,
			"optional": true,
			"os": [
				"darwin"
			],
			"engines": {
				"node": ">=20.9.0"
			},
			"funding": {
				"url": "https://opencollective.com/libvips"
			},
			"optionalDependencies": {
				"@img/sharp-libvips-darwin-x64": "1.3.0"
			}
		},
		"node_modules/@img/sharp-freebsd-wasm32": {
			"version": "0.35.0",
			"resolved": "https://registry.npmjs.org/@img/sharp-freebsd-wasm32/-/sharp-freebsd-wasm32-0.35.0.tgz",
			"integrity": "sha512-Li2KTev0H90kEtnJHkI9xQojXt1AqWmFBMXiPw5kqd1jQgP7gi5HVK/qC5Rmh/59NuAwUuPzzPITmX22NomYYQ==",
			"dev": true,
			"optional": true,
			"os": [
				"freebsd"
			],
			"dependencies": {
				"@img/sharp-wasm32": "0.35.0"
			},
			"engines": {
				"node": ">=20.9.0"
			},
			"funding": {
				"url": "https://opencollective.com/libvips"
			}
		},
		"node_modules/@img/sharp-libvips-darwin-arm64": {
			"version": "1.3.0",
			"resolved": "https://registry.npmjs.org/@img/sharp-libvips-darwin-arm64/-/sharp-libvips-darwin-arm64-1.3.0.tgz",
			"integrity": "sha512-EKbmBKtyTH+GPFDRw2TgK2oV6hyxxlJVIar4hoTYSNmIwipgMFdxPQqR392GmfdsPGWga0mCFN1cCKjRb9cljw==",
			"cpu": [
				"arm64"
			],
			"dev": true,
			"optional": true,
			"os": [
				"darwin"
			],
			"funding": {
				"url": "https://opencollective.com/libvips"
			}
		},
		"node_modules/@img/sharp-libvips-darwin-x64": {
			"version": "1.3.0",
			"resolved": "https://registry.npmjs.org/@img/sharp-libvips-darwin-x64/-/sharp-libvips-darwin-x64-1.3.0.tgz",
			"integrity": "sha512-Pl2OmOvrJ42adUllESxBsG54PfXLo1OYg9i3c5/5Ln/qJ0gZuTM9YMhQJPIbXqwidLRc/c2zuHt4RsrymmNv7A==",
			"cpu": [
				"x64"
			],
			"dev": true,
			"optional": true,
			"os": [
				"darwin"
			],
			"funding": {
				"url": "https://opencollective.com/libvips"
			}
		},
		"node_modules/@img/sharp-libvips-linux-arm": {
			"version": "1.3.0",
			"resolved": "https://registry.npmjs.org/@img/sharp-libvips-linux-arm/-/sharp-libvips-linux-arm-1.3.0.tgz",
			"integrity": "sha512-A8UpHoUDW4DwnXoV6+q3C1s7QLRAHtPDEjWuNZjwHMyoCNZnm0GeNN8ls9f/bsEYTRQRW96C/n34XJQHJ2fT7A==",
			"cpu": [
				"arm"
			],
			"dev": true,
			"optional": true,
			"os": [
				"linux"
			],
			"funding": {
				"url": "https://opencollective.com/libvips"
			}
		},
		"node_modules/@img/sharp-libvips-linux-arm64": {
			"version": "1.3.0",
			"resolved": "https://registry.npmjs.org/@img/sharp-libvips-linux-arm64/-/sharp-libvips-linux-arm64-1.3.0.tgz",
			"integrity": "sha512-C0SqjoFKnszqa44EQ7xoaT48nnO0lOyXEULfXMWi8krrjOPGYkeK30Okzla6ATbBYsyZ0ySinK0FVkpv3DwzfQ==",
			"cpu": [
				"arm64"
			],
			"dev": true,
			"optional": true,
			"os": [
				"linux"
			],
			"funding": {
				"url": "https://opencollective.com/libvips"
			}
		},
		"node_modules/@img/sharp-libvips-linux-ppc64": {
			"version": "1.3.0",
			"resolved": "https://registry.npmjs.org/@img/sharp-libvips-linux-ppc64/-/sharp-libvips-linux-ppc64-1.3.0.tgz",
			"integrity": "sha512-WOpkVxAjFd369iaIzEgNRreFD+gWdUMIGD5zplhNKNeqS6mm5dac3q2AFyCBmzYoAdouzZvRBgxy4z8QHZb4/A==",
			"cpu": [
				"ppc64"
			],
			"dev": true,
			"optional": true,
			"os": [
				"linux"
			],
			"funding": {
				"url": "https://opencollective.com/libvips"
			}
		},
		"node_modules/@img/sharp-libvips-linux-riscv64": {
			"version": "1.3.0",
			"resolved": "https://registry.npmjs.org/@img/sharp-libvips-linux-riscv64/-/sharp-libvips-linux-riscv64-1.3.0.tgz",
			"integrity": "sha512-DRWw0mOHusrCCuw2rqP87oLg6PGlkomVDFqw2hIwsSfwWpu4k3XLcBPaKKl6ct/GtL/cwNkgwjV/tc0Mqht3VA==",
			"cpu": [
				"riscv64"
			],
			"dev": true,
			"optional": true,
			"os": [
				"linux"
			],
			"funding": {
				"url": "https://opencollective.com/libvips"
			}
		},
		"node_modules/@img/sharp-libvips-linux-s390x": {
			"version": "1.3.0",
			"resolved": "https://registry.npmjs.org/@img/sharp-libvips-linux-s390x/-/sharp-libvips-linux-s390x-1.3.0.tgz",
			"integrity": "sha512-9APy+nFWhHS+kzLgWZfLcyrUd7YqnAQVa4BPOo4xkoHpdoktOAPG4cEr9+Jpl0TtqfVmcMJimNL5qNTyyOHZNA==",
			"cpu": [
				"s390x"
			],
			"dev": true,
			"optional": true,
			"os": [
				"linux"
			],
			"funding": {
				"url": "https://opencollective.com/libvips"
			}
		},
		"node_modules/@img/sharp-libvips-linux-x64": {
			"version": "1.3.0",
			"resolved": "https://registry.npmjs.org/@img/sharp-libvips-linux-x64/-/sharp-libvips-linux-x64-1.3.0.tgz",
			"integrity": "sha512-y9RNUYDe2A1UAdhLyfeOodGRszQdaEoe4nfOpp/sNVPl2CWIcUyFaDoCh4vPLPxu19803j2naLqZup2WxDXCLA==",
			"cpu": [
				"x64"
			],
			"dev": true,
			"optional": true,
			"os": [
				"linux"
			],
			"funding": {
				"url": "https://opencollective.com/libvips"
			}
		},
		"node_modules/@img/sharp-libvips-linuxmusl-arm64": {
			"version": "1.3.0",
			"resolved": "https://registry.npmjs.org/@img/sharp-libvips-linuxmusl-arm64/-/sharp-libvips-linuxmusl-arm64-1.3.0.tgz",
			"integrity": "sha512-cC1wkC0Mlucd0KSiGrLkJnB/ZqPvZCntc/Lk7ZnYO5ZSbF2euNek4Xvxafojq+wN1q/W0eprdpUIjUr/EV2PBg==",
			"cpu": [
				"arm64"
			],
			"dev": true,
			"optional": true,
			"os": [
				"linux"
			],
			"funding": {
				"url": "https://opencollective.com/libvips"
			}
		},
		"node_modules/@img/sharp-libvips-linuxmusl-x64": {
			"version": "1.3.0",
			"resolved": "https://registry.npmjs.org/@img/sharp-libvips-linuxmusl-x64/-/sharp-libvips-linuxmusl-x64-1.3.0.tgz",
			"integrity": "sha512-LiYMhUZicB1QG//+RvmYZpXJO8fYRENfp+MZUCnG9aw+AKvGAy9gPaCnuwsPcBFs8EV66M0NNxj9VHcNklE8zw==",
			"cpu": [
				"x64"
			],
			"dev": true,
			"optional": true,
			"os": [
				"linux"
			],
			"funding": {
				"url": "https://opencollective.com/libvips"
			}
		},
		"node_modules/@img/sharp-linux-arm": {
			"version": "0.35.0",
			"resolved": "https://registry.npmjs.org/@img/sharp-linux-arm/-/sharp-linux-arm-0.35.0.tgz",
			"integrity": "sha512-VVlpEWwizEFIOom0zdoeKuO5nuTswzVE5uHcBNvHzmeHUpNFajY3HFfbQ+zIH4E2kVaZ/yVxmsShW56TtEy4uA==",
			"cpu": [
				"arm"
			],
			"dev": true,
			"optional": true,
			"os": [
				"linux"
			],
			"engines": {
				"node": ">=20.9.0"
			},
			"funding": {
				"url": "https://opencollective.com/libvips"
			},
			"optionalDependencies": {
				"@img/sharp-libvips-linux-arm": "1.3.0"
			}
		},
		"node_modules/@img/sharp-linux-arm64": {
			"version": "0.35.0",
			"resolved": "https://registry.npmjs.org/@img/sharp-linux-arm64/-/sharp-linux-arm64-0.35.0.tgz",
			"integrity": "sha512-4+4XHLNT5wDT0roYlHTEmH9lDKt0acf9Tv+3hM3iceOirkxrR404/3WjAYZ9F9CkHrxeRcGLJXbi4vluMZ9O+A==",
			"cpu": [
				"arm64"
			],
			"dev": true,
			"optional": true,
			"os": [
				"linux"
			],
			"engines": {
				"node": ">=20.9.0"
			},
			"funding": {
				"url": "https://opencollective.com/libvips"
			},
			"optionalDependencies": {
				"@img/sharp-libvips-linux-arm64": "1.3.0"
			}
		},
		"node_modules/@img/sharp-linux-ppc64": {
			"version": "0.35.0",
			"resolved": "https://registry.npmjs.org/@img/sharp-linux-ppc64/-/sharp-linux-ppc64-0.35.0.tgz",
			"integrity": "sha512-N3hzbEpUTJC8pWpPVJvgzGxM+so/MAXc8O2s/53B0LL9ZGpfXpME7Wizkc5d/8fRBlBtkDjzoZGDCqqNDHqLEw==",
			"cpu": [
				"ppc64"
			],
			"dev": true,
			"optional": true,
			"os": [
				"linux"
			],
			"engines": {
				"node": ">=20.9.0"
			},
			"funding": {
				"url": "https://opencollective.com/libvips"
			},
			"optionalDependencies": {
				"@img/sharp-libvips-linux-ppc64": "1.3.0"
			}
		},
		"node_modules/@img/sharp-linux-riscv64": {
			"version": "0.35.0",
			"resolved": "https://registry.npmjs.org/@img/sharp-linux-riscv64/-/sharp-linux-riscv64-0.35.0.tgz",
			"integrity": "sha512-l6vmKVPnbS0RhVMbyxP5meAARsbhCnBN4fy31qz0+3a6Rv4jEqfzDrT89y6ZPkCi0AJGnwp2En528yXo401Hpw==",
			"cpu": [
				"riscv64"
			],
			"dev": true,
			"optional": true,
			"os": [
				"linux"
			],
			"engines": {
				"node": ">=20.9.0"
			},
			"funding": {
				"url": "https://opencollective.com/libvips"
			},
			"optionalDependencies": {
				"@img/sharp-libvips-linux-riscv64": "1.3.0"
			}
		},
		"node_modules/@img/sharp-linux-s390x": {
			"version": "0.35.0",
			"resolved": "https://registry.npmjs.org/@img/sharp-linux-s390x/-/sharp-linux-s390x-0.35.0.tgz",
			"integrity": "sha512-MYlMiPFiv/EKPAHnp3yNZ9AAWFsxga9c5Bkc6wkar6bqzHLlkGVJHRm0u1ei+VXnZxp3Mz9MG9ZIsI8vSOf3sQ==",
			"cpu": [
				"s390x"
			],
			"dev": true,
			"optional": true,
			"os": [
				"linux"
			],
			"engines": {
				"node": ">=20.9.0"
			},
			"funding": {
				"url": "https://opencollective.com/libvips"
			},
			"optionalDependencies": {
				"@img/sharp-libvips-linux-s390x": "1.3.0"
			}
		},
		"node_modules/@img/sharp-linux-x64": {
			"version": "0.35.0",
			"resolved": "https://registry.npmjs.org/@img/sharp-linux-x64/-/sharp-linux-x64-0.35.0.tgz",
			"integrity": "sha512-TYaItB5oj1ioXjhyn2xrR208vf+YuIIcHptQWRRaBmFhvIvL9D72DXN8w75xup0KXA8UdEAhQ9Qb2S49FD/9Cw==",
			"cpu": [
				"x64"
			],
			"dev": true,
			"optional": true,
			"os": [
				"linux"
			],
			"engines": {
				"node": ">=20.9.0"
			},
			"funding": {
				"url": "https://opencollective.com/libvips"
			},
			"optionalDependencies": {
				"@img/sharp-libvips-linux-x64": "1.3.0"
			}
		},
		"node_modules/@img/sharp-linuxmusl-arm64": {
			"version": "0.35.0",
			"resolved": "https://registry.npmjs.org/@img/sharp-linuxmusl-arm64/-/sharp-linuxmusl-arm64-0.35.0.tgz",
			"integrity": "sha512-DSTb6ijQzqe6DdAaOBVqJ/SYf1vO8EW5bK6X6LRXufEBebf2722VCdvBUtZ3rtV0x2ApfPNDy/p7LrrjaWjiyQ==",
			"cpu": [
				"arm64"
			],
			"dev": true,
			"optional": true,
			"os": [
				"linux"
			],
			"engines": {
				"node": ">=20.9.0"
			},
			"funding": {
				"url": "https://opencollective.com/libvips"
			},
			"optionalDependencies": {
				"@img/sharp-libvips-linuxmusl-arm64": "1.3.0"
			}
		},
		"node_modules/@img/sharp-linuxmusl-x64": {
			"version": "0.35.0",
			"resolved": "https://registry.npmjs.org/@img/sharp-linuxmusl-x64/-/sharp-linuxmusl-x64-0.35.0.tgz",
			"integrity": "sha512-K7ykQ+26Rt6+4BTU80AuGgTPIYX86UxiAKT4rcXX/WNTo7k1ZxpKz+TguHnwVpCqQK3B5PK0vZ0ZBe6nz/ib1w==",
			"cpu": [
				"x64"
			],
			"dev": true,
			"optional": true,
			"os": [
				"linux"
			],
			"engines": {
				"node": ">=20.9.0"
			},
			"funding": {
				"url": "https://opencollective.com/libvips"
			},
			"optionalDependencies": {
				"@img/sharp-libvips-linuxmusl-x64": "1.3.0"
			}
		},
		"node_modules/@img/sharp-wasm32": {
			"version": "0.35.0",
			"resolved": "https://registry.npmjs.org/@img/sharp-wasm32/-/sharp-wasm32-0.35.0.tgz",
			"integrity": "sha512-9woLIFORERCr+6cWu87dQ22J34EExkhc73U1kZW0c+RclQqWetoodByp4dWZ/hN8/KVmTRAx2HOnUwib8AwZdA==",
			"dev": true,
			"optional": true,
			"dependencies": {
				"@emnapi/runtime": "^1.11.0"
			},
			"engines": {
				"node": ">=20.9.0"
			},
			"funding": {
				"url": "https://opencollective.com/libvips"
			}
		},
		"node_modules/@img/sharp-webcontainers-wasm32": {
			"version": "0.35.0",
			"resolved": "https://registry.npmjs.org/@img/sharp-webcontainers-wasm32/-/sharp-webcontainers-wasm32-0.35.0.tgz",
			"integrity": "sha512-t+kie1TOyaDM6Dho+f+y0VqIUNhYQaKCUahuZVi0E0frgdiaOaPsDxDW3wfKacUdaNBCnK/ZDBMg33ydvHj8uA==",
			"cpu": [
				"wasm32"
			],
			"dev": true,
			"optional": true,
			"dependencies": {
				"@img/sharp-wasm32": "0.35.0"
			},
			"engines": {
				"node": ">=20.9.0"
			},
			"funding": {
				"url": "https://opencollective.com/libvips"
			}
		},
		"node_modules/@img/sharp-win32-arm64": {
			"version": "0.35.0",
			"resolved": "https://registry.npmjs.org/@img/sharp-win32-arm64/-/sharp-win32-arm64-0.35.0.tgz",
			"integrity": "sha512-M5eKxug0dabbaWgFKvPa3odNs2OpaP+81NASfGKkt4GcYXpNhSu7CaeYxWkLNV6vHmUp4hnCxnxrUyhUJhXbKA==",
			"cpu": [
				"arm64"
			],
			"dev": true,
			"optional": true,
			"os": [
				"win32"
			],
			"engines": {
				"node": ">=20.9.0"
			},
			"funding": {
				"url": "https://opencollective.com/libvips"
			}
		},
		"node_modules/@img/sharp-win32-ia32": {
			"version": "0.35.0",
			"resolved": "https://registry.npmjs.org/@img/sharp-win32-ia32/-/sharp-win32-ia32-0.35.0.tgz",
			"integrity": "sha512-z0+pZ03QCDvdVN0Ez9IX/yjWC19ikMlXrmdYMwYNLTh2BLPx3hXWPvyqWfquZ0BTO9O6GVOjIVoTcyyacMnWlQ==",
			"cpu": [
				"ia32"
			],
			"dev": true,
			"optional": true,
			"os": [
				"win32"
			],
			"engines": {
				"node": "^20.9.0"
			},
			"funding": {
				"url": "https://opencollective.com/libvips"
			}
		},
		"node_modules/@img/sharp-win32-x64": {
			"version": "0.35.0",
			"resolved": "https://registry.npmjs.org/@img/sharp-win32-x64/-/sharp-win32-x64-0.35.0.tgz",
			"integrity": "sha512-feNnlz5ZHKr0MY1LPHvZQyJeBkbo4ctsn0D8FvA53VTw5TC63rfEL2UrWbkSBR19htSE7Mw78xYVwdJqoMWVHw==",
			"cpu": [
				"x64"
			],
			"dev": true,
			"optional": true,
			"os": [
				"win32"
			],
			"engines": {
				"node": ">=20.9.0"
			},
			"funding": {
				"url": "https://opencollective.com/libvips"
			}
		},
		"node_modules/ansi-regex": {
			"version": "5.0.1",
			"dev": true,
			"license": "MIT",
			"engines": {
				"node": ">=8"
			}
		},
		"node_modules/ansi-styles": {
			"version": "4.3.0",
			"dev": true,
			"license": "MIT",
			"dependencies": {
				"color-convert": "^2.0.1"
			},
			"engines": {
				"node": ">=8"
			},
			"funding": {
				"url": "https://github.com/chalk/ansi-styles?sponsor=1"
			}
		},
		"node_modules/async": {
			"version": "1.5.2",
			"dev": true,
			"license": "MIT"
		},
		"node_modules/balanced-match": {
			"version": "1.0.2",
			"dev": true,
			"license": "MIT"
		},
		"node_modules/brace-expansion": {
			"version": "1.1.11",
			"dev": true,
			"license": "MIT",
			"dependencies": {
				"balanced-match": "^1.0.0",
				"concat-map": "0.0.1"
			}
		},
		"node_modules/chalk": {
			"version": "4.1.2",
			"dev": true,
			"license": "MIT",
			"dependencies": {
				"ansi-styles": "^4.1.0",
				"supports-color": "^7.1.0"
			},
			"engines": {
				"node": ">=10"
			},
			"funding": {
				"url": "https://github.com/chalk/chalk?sponsor=1"
			}
		},
		"node_modules/cliui": {
			"version": "7.0.4",
			"dev": true,
			"license": "ISC",
			"dependencies": {
				"string-width": "^4.2.0",
				"strip-ansi": "^6.0.0",
				"wrap-ansi": "^7.0.0"
			}
		},
		"node_modules/color-convert": {
			"version": "2.0.1",
			"dev": true,
			"license": "MIT",
			"dependencies": {
				"color-name": "~1.1.4"
			},
			"engines": {
				"node": ">=7.0.0"
			}
		},
		"node_modules/color-name": {
			"version": "1.1.4",
			"dev": true,
			"license": "MIT"
		},
		"node_modules/concat-map": {
			"version": "0.0.1",
			"dev": true,
			"license": "MIT"
		},
		"node_modules/detect-libc": {
			"version": "2.1.2",
			"resolved": "https://registry.npmjs.org/detect-libc/-/detect-libc-2.1.2.tgz",
			"integrity": "sha512-Btj2BOOO83o3WyH59e8MgXsxEQVcarkUOpEYrubB0urwnN10yQ364rsiByU11nZlqWYZm05i/of7io4mzihBtQ==",
			"dev": true,
			"engines": {
				"node": ">=8"
			}
		},
		"node_modules/emoji-regex": {
			"version": "8.0.0",
			"dev": true,
			"license": "MIT"
		},
		"node_modules/escalade": {
			"version": "3.1.1",
			"dev": true,
			"license": "MIT",
			"engines": {
				"node": ">=6"
			}
		},
		"node_modules/fs-extra": {
			"version": "10.0.0",
			"dev": true,
			"license": "MIT",
			"dependencies": {
				"graceful-fs": "^4.2.0",
				"jsonfile": "^6.0.1",
				"universalify": "^2.0.0"
			},
			"engines": {
				"node": ">=12"
			}
		},
		"node_modules/fs.realpath": {
			"version": "1.0.0",
			"dev": true,
			"license": "ISC"
		},
		"node_modules/get-caller-file": {
			"version": "2.0.5",
			"dev": true,
			"license": "ISC",
			"engines": {
				"node": "6.* || 8.* || >= 10.*"
			}
		},
		"node_modules/glob": {
			"version": "7.2.0",
			"dev": true,
			"license": "ISC",
			"dependencies": {
				"fs.realpath": "^1.0.0",
				"inflight": "^1.0.4",
				"inherits": "2",
				"minimatch": "^3.0.4",
				"once": "^1.3.0",
				"path-is-absolute": "^1.0.0"
			},
			"engines": {
				"node": "*"
			},
			"funding": {
				"url": "https://github.com/sponsors/isaacs"
			}
		},
		"node_modules/graceful-fs": {
			"version": "4.2.8",
			"dev": true,
			"license": "ISC"
		},
		"node_modules/has-flag": {
			"version": "4.0.0",
			"dev": true,
			"license": "MIT",
			"engines": {
				"node": ">=8"
			}
		},
		"node_modules/inflight": {
			"version": "1.0.6",
			"dev": true,
			"license": "ISC",
			"dependencies": {
				"once": "^1.3.0",
				"wrappy": "1"
			}
		},
		"node_modules/inherits": {
			"version": "2.0.4",
			"dev": true,
			"license": "ISC"
		},
		"node_modules/is-fullwidth-code-point": {
			"version": "3.0.0",
			"dev": true,
			"license": "MIT",
			"engines": {
				"node": ">=8"
			}
		},
		"node_modules/jsonfile": {
			"version": "6.1.0",
			"dev": true,
			"license": "MIT",
			"dependencies": {
				"universalify": "^2.0.0"
			},
			"optionalDependencies": {
				"graceful-fs": "^4.1.6"
			}
		},
		"node_modules/jszip": {
			"version": "2.6.1",
			"dev": true,
			"license": "(MIT OR GPL-3.0)",
			"dependencies": {
				"pako": "~1.0.2"
			}
		},
		"node_modules/minimatch": {
			"version": "3.1.5",
			"resolved": "https://registry.npmjs.org/minimatch/-/minimatch-3.1.5.tgz",
			"integrity": "sha512-VgjWUsnnT6n+NUk6eZq77zeFdpW2LWDzP6zFGrCbHXiYNul5Dzqk2HHQ5uFH2DNW5Xbp8+jVzaeNt94ssEEl4w==",
			"dev": true,
			"dependencies": {
				"brace-expansion": "^1.1.7"
			},
			"engines": {
				"node": "*"
			}
		},
		"node_modules/once": {
			"version": "1.4.0",
			"dev": true,
			"license": "ISC",
			"dependencies": {
				"wrappy": "1"
			}
		},
		"node_modules/pako": {
			"version": "1.0.11",
			"dev": true,
			"license": "(MIT AND Zlib)"
		},
		"node_modules/path-is-absolute": {
			"version": "1.0.1",
			"dev": true,
			"license": "MIT",
			"engines": {
				"node": ">=0.10.0"
			}
		},
		"node_modules/q": {
			"version": "1.5.1",
			"dev": true,
			"license": "MIT",
			"engines": {
				"node": ">=0.6.0",
				"teleport": ">=0.2.0"
			}
		},
		"node_modules/replace-in-file": {
			"version": "6.3.2",
			"dev": true,
			"license": "MIT",
			"dependencies": {
				"chalk": "^4.1.2",
				"glob": "^7.2.0",
				"yargs": "^17.2.1"
			},
			"bin": {
				"replace-in-file": "bin/cli.js"
			},
			"engines": {
				"node": ">=10"
			}
		},
		"node_modules/require-directory": {
			"version": "2.1.1",
			"dev": true,
			"license": "MIT",
			"engines": {
				"node": ">=0.10.0"
			}
		},
		"node_modules/semver": {
			"version": "7.8.5",
			"resolved": "https://registry.npmjs.org/semver/-/semver-7.8.5.tgz",
			"integrity": "sha512-Y7/KDsb8LjooZpwaqGyulO6DQlksgCncchHGk+sZIY4SBvUocMBEFH5Ur1fI4dV+Jvl0w6cjvucaIi40puRioA==",
			"dev": true,
			"bin": {
				"semver": "bin/semver.js"
			},
			"engines": {
				"node": ">=10"
			}
		},
		"node_modules/sharp": {
			"version": "0.35.0",
			"resolved": "https://registry.npmjs.org/sharp/-/sharp-0.35.0.tgz",
			"integrity": "sha512-BqvG5XbwPZ4NV0DK90d86leEECMsoa8bO0nqnKWlBDYxri4GJ7c4EDInaF6q20lTh/mATmnDIKWJFfXnoVfH5g==",
			"dev": true,
			"dependencies": {
				"@img/colour": "^1.1.0",
				"detect-libc": "^2.1.2",
				"semver": "^7.8.4"
			},
			"engines": {
				"node": ">=20.9.0"
			},
			"funding": {
				"url": "https://opencollective.com/libvips"
			},
			"optionalDependencies": {
				"@img/sharp-darwin-arm64": "0.35.0",
				"@img/sharp-darwin-x64": "0.35.0",
				"@img/sharp-freebsd-wasm32": "0.35.0",
				"@img/sharp-libvips-darwin-arm64": "1.3.0",
				"@img/sharp-libvips-darwin-x64": "1.3.0",
				"@img/sharp-libvips-linux-arm": "1.3.0",
				"@img/sharp-libvips-linux-arm64": "1.3.0",
				"@img/sharp-libvips-linux-ppc64": "1.3.0",
				"@img/sharp-libvips-linux-riscv64": "1.3.0",
				"@img/sharp-libvips-linux-s390x": "1.3.0",
				"@img/sharp-libvips-linux-x64": "1.3.0",
				"@img/sharp-libvips-linuxmusl-arm64": "1.3.0",
				"@img/sharp-libvips-linuxmusl-x64": "1.3.0",
				"@img/sharp-linux-arm": "0.35.0",
				"@img/sharp-linux-arm64": "0.35.0",
				"@img/sharp-linux-ppc64": "0.35.0",
				"@img/sharp-linux-riscv64": "0.35.0",
				"@img/sharp-linux-s390x": "0.35.0",
				"@img/sharp-linux-x64": "0.35.0",
				"@img/sharp-linuxmusl-arm64": "0.35.0",
				"@img/sharp-linuxmusl-x64": "0.35.0",
				"@img/sharp-webcontainers-wasm32": "0.35.0",
				"@img/sharp-win32-arm64": "0.35.0",
				"@img/sharp-win32-ia32": "0.35.0",
				"@img/sharp-win32-x64": "0.35.0"
			}
		},
		"node_modules/string-width": {
			"version": "4.2.3",
			"dev": true,
			"license": "MIT",
			"dependencies": {
				"emoji-regex": "^8.0.0",
				"is-fullwidth-code-point": "^3.0.0",
				"strip-ansi": "^6.0.1"
			},
			"engines": {
				"node": ">=8"
			}
		},
		"node_modules/strip-ansi": {
			"version": "6.0.1",
			"dev": true,
			"license": "MIT",
			"dependencies": {
				"ansi-regex": "^5.0.1"
			},
			"engines": {
				"node": ">=8"
			}
		},
		"node_modules/supports-color": {
			"version": "7.2.0",
			"dev": true,
			"license": "MIT",
			"dependencies": {
				"has-flag": "^4.0.0"
			},
			"engines": {
				"node": ">=8"
			}
		},
		"node_modules/tslib": {
			"version": "2.8.1",
			"resolved": "https://registry.npmjs.org/tslib/-/tslib-2.8.1.tgz",
			"integrity": "sha512-oJFu94HQb+KVduSUQL7wnpmqnfmLsOA/nAh6b6EH0wCEoK0/mPeXU6c3wKDV83MkOuHPRHtSXKKU99IBazS/2w==",
			"dev": true,
			"optional": true
		},
		"node_modules/universalify": {
			"version": "2.0.0",
			"dev": true,
			"license": "MIT",
			"engines": {
				"node": ">= 10.0.0"
			}
		},
		"node_modules/wrap-ansi": {
			"version": "7.0.0",
			"dev": true,
			"license": "MIT",
			"dependencies": {
				"ansi-styles": "^4.0.0",
				"string-width": "^4.1.0",
				"strip-ansi": "^6.0.0"
			},
			"engines": {
				"node": ">=10"
			},
			"funding": {
				"url": "https://github.com/chalk/wrap-ansi?sponsor=1"
			}
		},
		"node_modules/wrappy": {
			"version": "1.0.2",
			"dev": true,
			"license": "ISC"
		},
		"node_modules/y18n": {
			"version": "5.0.8",
			"dev": true,
			"license": "ISC",
			"engines": {
				"node": ">=10"
			}
		},
		"node_modules/yargs": {
			"version": "17.2.1",
			"dev": true,
			"license": "MIT",
			"dependencies": {
				"cliui": "^7.0.2",
				"escalade": "^3.1.1",
				"get-caller-file": "^2.0.5",
				"require-directory": "^2.1.1",
				"string-width": "^4.2.0",
				"y18n": "^5.0.5",
				"yargs-parser": "^20.2.2"
			},
			"engines": {
				"node": ">=12"
			}
		},
		"node_modules/yargs-parser": {
			"version": "20.2.9",
			"dev": true,
			"license": "ISC",
			"engines": {
				"node": ">=10"
			}
		},
		"node_modules/zip-local": {
			"version": "0.3.5",
			"resolved": "https://registry.npmjs.org/zip-local/-/zip-local-0.3.5.tgz",
			"integrity": "sha512-GRV3D5TJY+/PqyeRm5CYBs7xVrKTKzljBoEXvocZu0HJ7tPEcgpSOYa2zFIsCZWgKWMuc4U3yMFgFkERGFIB9w==",
			"dev": true,
			"dependencies": {
				"async": "^1.4.2",
				"graceful-fs": "^4.1.3",
				"jszip": "^2.6.1",
				"q": "^1.4.1"
			}
		}
	},
	"dependencies": {
		"@emnapi/runtime": {
			"version": "1.11.2",
			"resolved": "https://registry.npmjs.org/@emnapi/runtime/-/runtime-1.11.2.tgz",
			"integrity": "sha512-kyOl3X0DuTiT1h2ft8r2fYO8JYtU9a9Xis/zBSiGArNaagCOWx90N1k2wxp18czFDH+OgcWGb5ZP/XMt3dcyPA==",
			"dev": true,
			"optional": true,
			"requires": {
				"tslib": "^2.4.0"
			}
		},
		"@img/colour": {
			"version": "1.1.0",
			"resolved": "https://registry.npmjs.org/@img/colour/-/colour-1.1.0.tgz",
			"integrity": "sha512-Td76q7j57o/tLVdgS746cYARfSyxk8iEfRxewL9h4OMzYhbW4TAcppl0mT4eyqXddh6L/jwoM75mo7ixa/pCeQ==",
			"dev": true
		},
		"@img/sharp-darwin-arm64": {
			"version": "0.35.0",
			"resolved": "https://registry.npmjs.org/@img/sharp-darwin-arm64/-/sharp-darwin-arm64-0.35.0.tgz",
			"integrity": "sha512-ZgaYEwaj+lx/5n4W8GmZ2IYz0PQHjN5eqRcfijWGB+2Aq7ZInZGa0qJyAn6DEtyLuWHRSrmWOqT9q3qqTBvmUQ==",
			"dev": true,
			"optional": true,
			"requires": {
				"@img/sharp-libvips-darwin-arm64": "1.3.0"
			}
		},
		"@img/sharp-darwin-x64": {
			"version": "0.35.0",
			"resolved": "https://registry.npmjs.org/@img/sharp-darwin-x64/-/sharp-darwin-x64-0.35.0.tgz",
			"integrity": "sha512-c1z9LFpKB0slQW3RchwBE8iSVzGp70TNjUUO9k4BZwwW4HH7JBGHeIy4b+kk4n/kcBASb9evKCE3/7Slmslgiw==",
			"dev": true,
			"optional": true,
			"requires": {
				"@img/sharp-libvips-darwin-x64": "1.3.0"
			}
		},
		"@img/sharp-freebsd-wasm32": {
			"version": "0.35.0",
			"resolved": "https://registry.npmjs.org/@img/sharp-freebsd-wasm32/-/sharp-freebsd-wasm32-0.35.0.tgz",
			"integrity": "sha512-Li2KTev0H90kEtnJHkI9xQojXt1AqWmFBMXiPw5kqd1jQgP7gi5HVK/qC5Rmh/59NuAwUuPzzPITmX22NomYYQ==",
			"dev": true,
			"optional": true,
			"requires": {
				"@img/sharp-wasm32": "0.35.0"
			}
		},
		"@img/sharp-libvips-darwin-arm64": {
			"version": "1.3.0",
			"resolved": "https://registry.npmjs.org/@img/sharp-libvips-darwin-arm64/-/sharp-libvips-darwin-arm64-1.3.0.tgz",
			"integrity": "sha512-EKbmBKtyTH+GPFDRw2TgK2oV6hyxxlJVIar4hoTYSNmIwipgMFdxPQqR392GmfdsPGWga0mCFN1cCKjRb9cljw==",
			"dev": true,
			"optional": true
		},
		"@img/sharp-libvips-darwin-x64": {
			"version": "1.3.0",
			"resolved": "https://registry.npmjs.org/@img/sharp-libvips-darwin-x64/-/sharp-libvips-darwin-x64-1.3.0.tgz",
			"integrity": "sha512-Pl2OmOvrJ42adUllESxBsG54PfXLo1OYg9i3c5/5Ln/qJ0gZuTM9YMhQJPIbXqwidLRc/c2zuHt4RsrymmNv7A==",
			"dev": true,
			"optional": true
		},
		"@img/sharp-libvips-linux-arm": {
			"version": "1.3.0",
			"resolved": "https://registry.npmjs.org/@img/sharp-libvips-linux-arm/-/sharp-libvips-linux-arm-1.3.0.tgz",
			"integrity": "sha512-A8UpHoUDW4DwnXoV6+q3C1s7QLRAHtPDEjWuNZjwHMyoCNZnm0GeNN8ls9f/bsEYTRQRW96C/n34XJQHJ2fT7A==",
			"dev": true,
			"optional": true
		},
		"@img/sharp-libvips-linux-arm64": {
			"version": "1.3.0",
			"resolved": "https://registry.npmjs.org/@img/sharp-libvips-linux-arm64/-/sharp-libvips-linux-arm64-1.3.0.tgz",
			"integrity": "sha512-C0SqjoFKnszqa44EQ7xoaT48nnO0lOyXEULfXMWi8krrjOPGYkeK30Okzla6ATbBYsyZ0ySinK0FVkpv3DwzfQ==",
			"dev": true,
			"optional": true
		},
		"@img/sharp-libvips-linux-ppc64": {
			"version": "1.3.0",
			"resolved": "https://registry.npmjs.org/@img/sharp-libvips-linux-ppc64/-/sharp-libvips-linux-ppc64-1.3.0.tgz",
			"integrity": "sha512-WOpkVxAjFd369iaIzEgNRreFD+gWdUMIGD5zplhNKNeqS6mm5dac3q2AFyCBmzYoAdouzZvRBgxy4z8QHZb4/A==",
			"dev": true,
			"optional": true
		},
		"@img/sharp-libvips-linux-riscv64": {
			"version": "1.3.0",
			"resolved": "https://registry.npmjs.org/@img/sharp-libvips-linux-riscv64/-/sharp-libvips-linux-riscv64-1.3.0.tgz",
			"integrity": "sha512-DRWw0mOHusrCCuw2rqP87oLg6PGlkomVDFqw2hIwsSfwWpu4k3XLcBPaKKl6ct/GtL/cwNkgwjV/tc0Mqht3VA==",
			"dev": true,
			"optional": true
		},
		"@img/sharp-libvips-linux-s390x": {
			"version": "1.3.0",
			"resolved": "https://registry.npmjs.org/@img/sharp-libvips-linux-s390x/-/sharp-libvips-linux-s390x-1.3.0.tgz",
			"integrity": "sha512-9APy+nFWhHS+kzLgWZfLcyrUd7YqnAQVa4BPOo4xkoHpdoktOAPG4cEr9+Jpl0TtqfVmcMJimNL5qNTyyOHZNA==",
			"dev": true,
			"optional": true
		},
		"@img/sharp-libvips-linux-x64": {
			"version": "1.3.0",
			"resolved": "https://registry.npmjs.org/@img/sharp-libvips-linux-x64/-/sharp-libvips-linux-x64-1.3.0.tgz",
			"integrity": "sha512-y9RNUYDe2A1UAdhLyfeOodGRszQdaEoe4nfOpp/sNVPl2CWIcUyFaDoCh4vPLPxu19803j2naLqZup2WxDXCLA==",
			"dev": true,
			"optional": true
		},
		"@img/sharp-libvips-linuxmusl-arm64": {
			"version": "1.3.0",
			"resolved": "https://registry.npmjs.org/@img/sharp-libvips-linuxmusl-arm64/-/sharp-libvips-linuxmusl-arm64-1.3.0.tgz",
			"integrity": "sha512-cC1wkC0Mlucd0KSiGrLkJnB/ZqPvZCntc/Lk7ZnYO5ZSbF2euNek4Xvxafojq+wN1q/W0eprdpUIjUr/EV2PBg==",
			"dev": true,
			"optional": true
		},
		"@img/sharp-libvips-linuxmusl-x64": {
			"version": "1.3.0",
			"resolved": "https://registry.npmjs.org/@img/sharp-libvips-linuxmusl-x64/-/sharp-libvips-linuxmusl-x64-1.3.0.tgz",
			"integrity": "sha512-LiYMhUZicB1QG//+RvmYZpXJO8fYRENfp+MZUCnG9aw+AKvGAy9gPaCnuwsPcBFs8EV66M0NNxj9VHcNklE8zw==",
			"dev": true,
			"optional": true
		},
		"@img/sharp-linux-arm": {
			"version": "0.35.0",
			"resolved": "https://registry.npmjs.org/@img/sharp-linux-arm/-/sharp-linux-arm-0.35.0.tgz",
			"integrity": "sha512-VVlpEWwizEFIOom0zdoeKuO5nuTswzVE5uHcBNvHzmeHUpNFajY3HFfbQ+zIH4E2kVaZ/yVxmsShW56TtEy4uA==",
			"dev": true,
			"optional": true,
			"requires": {
				"@img/sharp-libvips-linux-arm": "1.3.0"
			}
		},
		"@img/sharp-linux-arm64": {
			"version": "0.35.0",
			"resolved": "https://registry.npmjs.org/@img/sharp-linux-arm64/-/sharp-linux-arm64-0.35.0.tgz",
			"integrity": "sha512-4+4XHLNT5wDT0roYlHTEmH9lDKt0acf9Tv+3hM3iceOirkxrR404/3WjAYZ9F9CkHrxeRcGLJXbi4vluMZ9O+A==",
			"dev": true,
			"optional": true,
			"requires": {
				"@img/sharp-libvips-linux-arm64": "1.3.0"
			}
		},
		"@img/sharp-linux-ppc64": {
			"version": "0.35.0",
			"resolved": "https://registry.npmjs.org/@img/sharp-linux-ppc64/-/sharp-linux-ppc64-0.35.0.tgz",
			"integrity": "sha512-N3hzbEpUTJC8pWpPVJvgzGxM+so/MAXc8O2s/53B0LL9ZGpfXpME7Wizkc5d/8fRBlBtkDjzoZGDCqqNDHqLEw==",
			"dev": true,
			"optional": true,
			"requires": {
				"@img/sharp-libvips-linux-ppc64": "1.3.0"
			}
		},
		"@img/sharp-linux-riscv64": {
			"version": "0.35.0",
			"resolved": "https://registry.npmjs.org/@img/sharp-linux-riscv64/-/sharp-linux-riscv64-0.35.0.tgz",
			"integrity": "sha512-l6vmKVPnbS0RhVMbyxP5meAARsbhCnBN4fy31qz0+3a6Rv4jEqfzDrT89y6ZPkCi0AJGnwp2En528yXo401Hpw==",
			"dev": true,
			"optional": true,
			"requires": {
				"@img/sharp-libvips-linux-riscv64": "1.3.0"
			}
		},
		"@img/sharp-linux-s390x": {
			"version": "0.35.0",
			"resolved": "https://registry.npmjs.org/@img/sharp-linux-s390x/-/sharp-linux-s390x-0.35.0.tgz",
			"integrity": "sha512-MYlMiPFiv/EKPAHnp3yNZ9AAWFsxga9c5Bkc6wkar6bqzHLlkGVJHRm0u1ei+VXnZxp3Mz9MG9ZIsI8vSOf3sQ==",
			"dev": true,
			"optional": true,
			"requires": {
				"@img/sharp-libvips-linux-s390x": "1.3.0"
			}
		},
		"@img/sharp-linux-x64": {
			"version": "0.35.0",
			"resolved": "https://registry.npmjs.org/@img/sharp-linux-x64/-/sharp-linux-x64-0.35.0.tgz",
			"integrity": "sha512-TYaItB5oj1ioXjhyn2xrR208vf+YuIIcHptQWRRaBmFhvIvL9D72DXN8w75xup0KXA8UdEAhQ9Qb2S49FD/9Cw==",
			"dev": true,
			"optional": true,
			"requires": {
				"@img/sharp-libvips-linux-x64": "1.3.0"
			}
		},
		"@img/sharp-linuxmusl-arm64": {
			"version": "0.35.0",
			"resolved": "https://registry.npmjs.org/@img/sharp-linuxmusl-arm64/-/sharp-linuxmusl-arm64-0.35.0.tgz",
			"integrity": "sha512-DSTb6ijQzqe6DdAaOBVqJ/SYf1vO8EW5bK6X6LRXufEBebf2722VCdvBUtZ3rtV0x2ApfPNDy/p7LrrjaWjiyQ==",
			"dev": true,
			"optional": true,
			"requires": {
				"@img/sharp-libvips-linuxmusl-arm64": "1.3.0"
			}
		},
		"@img/sharp-linuxmusl-x64": {
			"version": "0.35.0",
			"resolved": "https://registry.npmjs.org/@img/sharp-linuxmusl-x64/-/sharp-linuxmusl-x64-0.35.0.tgz",
			"integrity": "sha512-K7ykQ+26Rt6+4BTU80AuGgTPIYX86UxiAKT4rcXX/WNTo7k1ZxpKz+TguHnwVpCqQK3B5PK0vZ0ZBe6nz/ib1w==",
			"dev": true,
			"optional": true,
			"requires": {
				"@img/sharp-libvips-linuxmusl-x64": "1.3.0"
			}
		},
		"@img/sharp-wasm32": {
			"version": "0.35.0",
			"resolved": "https://registry.npmjs.org/@img/sharp-wasm32/-/sharp-wasm32-0.35.0.tgz",
			"integrity": "sha512-9woLIFORERCr+6cWu87dQ22J34EExkhc73U1kZW0c+RclQqWetoodByp4dWZ/hN8/KVmTRAx2HOnUwib8AwZdA==",
			"dev": true,
			"optional": true,
			"requires": {
				"@emnapi/runtime": "^1.11.0"
			}
		},
		"@img/sharp-webcontainers-wasm32": {
			"version": "0.35.0",
			"resolved": "https://registry.npmjs.org/@img/sharp-webcontainers-wasm32/-/sharp-webcontainers-wasm32-0.35.0.tgz",
			"integrity": "sha512-t+kie1TOyaDM6Dho+f+y0VqIUNhYQaKCUahuZVi0E0frgdiaOaPsDxDW3wfKacUdaNBCnK/ZDBMg33ydvHj8uA==",
			"dev": true,
			"optional": true,
			"requires": {
				"@img/sharp-wasm32": "0.35.0"
			}
		},
		"@img/sharp-win32-arm64": {
			"version": "0.35.0",
			"resolved": "https://registry.npmjs.org/@img/sharp-win32-arm64/-/sharp-win32-arm64-0.35.0.tgz",
			"integrity": "sha512-M5eKxug0dabbaWgFKvPa3odNs2OpaP+81NASfGKkt4GcYXpNhSu7CaeYxWkLNV6vHmUp4hnCxnxrUyhUJhXbKA==",
			"dev": true,
			"optional": true
		},
		"@img/sharp-win32-ia32": {
			"version": "0.35.0",
			"resolved": "https://registry.npmjs.org/@img/sharp-win32-ia32/-/sharp-win32-ia32-0.35.0.tgz",
			"integrity": "sha512-z0+pZ03QCDvdVN0Ez9IX/yjWC19ikMlXrmdYMwYNLTh2BLPx3hXWPvyqWfquZ0BTO9O6GVOjIVoTcyyacMnWlQ==",
			"dev": true,
			"optional": true
		},
		"@img/sharp-win32-x64": {
			"version": "0.35.0",
			"resolved": "https://registry.npmjs.org/@img/sharp-win32-x64/-/sharp-win32-x64-0.35.0.tgz",
			"integrity": "sha512-feNnlz5ZHKr0MY1LPHvZQyJeBkbo4ctsn0D8FvA53VTw5TC63rfEL2UrWbkSBR19htSE7Mw78xYVwdJqoMWVHw==",
			"dev": true,
			"optional": true
		},
		"ansi-regex": {
			"version": "5.0.1",
			"dev": true
		},
		"ansi-styles": {
			"version": "4.3.0",
			"dev": true,
			"requires": {
				"color-convert": "^2.0.1"
			}
		},
		"async": {
			"version": "1.5.2",
			"dev": true
		},
		"balanced-match": {
			"version": "1.0.2",
			"dev": true
		},
		"brace-expansion": {
			"version": "1.1.11",
			"dev": true,
			"requires": {
				"balanced-match": "^1.0.0",
				"concat-map": "0.0.1"
			}
		},
		"chalk": {
			"version": "4.1.2",
			"dev": true,
			"requires": {
				"ansi-styles": "^4.1.0",
				"supports-color": "^7.1.0"
			}
		},
		"cliui": {
			"version": "7.0.4",
			"dev": true,
			"requires": {
				"string-width": "^4.2.0",
				"strip-ansi": "^6.0.0",
				"wrap-ansi": "^7.0.0"
			}
		},
		"color-convert": {
			"version": "2.0.1",
			"dev": true,
			"requires": {
				"color-name": "~1.1.4"
			}
		},
		"color-name": {
			"version": "1.1.4",
			"dev": true
		},
		"concat-map": {
			"version": "0.0.1",
			"dev": true
		},
		"detect-libc": {
			"version": "2.1.2",
			"resolved": "https://registry.npmjs.org/detect-libc/-/detect-libc-2.1.2.tgz",
			"integrity": "sha512-Btj2BOOO83o3WyH59e8MgXsxEQVcarkUOpEYrubB0urwnN10yQ364rsiByU11nZlqWYZm05i/of7io4mzihBtQ==",
			"dev": true
		},
		"emoji-regex": {
			"version": "8.0.0",
			"dev": true
		},
		"escalade": {
			"version": "3.1.1",
			"dev": true
		},
		"fs-extra": {
			"version": "10.0.0",
			"dev": true,
			"requires": {
				"graceful-fs": "^4.2.0",
				"jsonfile": "^6.0.1",
				"universalify": "^2.0.0"
			}
		},
		"fs.realpath": {
			"version": "1.0.0",
			"dev": true
		},
		"get-caller-file": {
			"version": "2.0.5",
			"dev": true
		},
		"glob": {
			"version": "7.2.0",
			"dev": true,
			"requires": {
				"fs.realpath": "^1.0.0",
				"inflight": "^1.0.4",
				"inherits": "2",
				"minimatch": "^3.0.4",
				"once": "^1.3.0",
				"path-is-absolute": "^1.0.0"
			}
		},
		"graceful-fs": {
			"version": "4.2.8",
			"dev": true
		},
		"has-flag": {
			"version": "4.0.0",
			"dev": true
		},
		"inflight": {
			"version": "1.0.6",
			"dev": true,
			"requires": {
				"once": "^1.3.0",
				"wrappy": "1"
			}
		},
		"inherits": {
			"version": "2.0.4",
			"dev": true
		},
		"is-fullwidth-code-point": {
			"version": "3.0.0",
			"dev": true
		},
		"jsonfile": {
			"version": "6.1.0",
			"dev": true,
			"requires": {
				"graceful-fs": "^4.1.6",
				"universalify": "^2.0.0"
			}
		},
		"jszip": {
			"version": "2.6.1",
			"dev": true,
			"requires": {
				"pako": "~1.0.2"
			}
		},
		"minimatch": {
			"version": "3.1.5",
			"resolved": "https://registry.npmjs.org/minimatch/-/minimatch-3.1.5.tgz",
			"integrity": "sha512-VgjWUsnnT6n+NUk6eZq77zeFdpW2LWDzP6zFGrCbHXiYNul5Dzqk2HHQ5uFH2DNW5Xbp8+jVzaeNt94ssEEl4w==",
			"dev": true,
			"requires": {
				"brace-expansion": "^1.1.7"
			}
		},
		"once": {
			"version": "1.4.0",
			"dev": true,
			"requires": {
				"wrappy": "1"
			}
		},
		"pako": {
			"version": "1.0.11",
			"dev": true
		},
		"path-is-absolute": {
			"version": "1.0.1",
			"dev": true
		},
		"q": {
			"version": "1.5.1",
			"dev": true
		},
		"replace-in-file": {
			"version": "6.3.2",
			"dev": true,
			"requires": {
				"chalk": "^4.1.2",
				"glob": "^7.2.0",
				"yargs": "^17.2.1"
			}
		},
		"require-directory": {
			"version": "2.1.1",
			"dev": true
		},
		"semver": {
			"version": "7.8.5",
			"resolved": "https://registry.npmjs.org/semver/-/semver-7.8.5.tgz",
			"integrity": "sha512-Y7/KDsb8LjooZpwaqGyulO6DQlksgCncchHGk+sZIY4SBvUocMBEFH5Ur1fI4dV+Jvl0w6cjvucaIi40puRioA==",
			"dev": true
		},
		"sharp": {
			"version": "0.35.0",
			"resolved": "https://registry.npmjs.org/sharp/-/sharp-0.35.0.tgz",
			"integrity": "sha512-BqvG5XbwPZ4NV0DK90d86leEECMsoa8bO0nqnKWlBDYxri4GJ7c4EDInaF6q20lTh/mATmnDIKWJFfXnoVfH5g==",
			"dev": true,
			"requires": {
				"@img/colour": "^1.1.0",
				"@img/sharp-darwin-arm64": "0.35.0",
				"@img/sharp-darwin-x64": "0.35.0",
				"@img/sharp-freebsd-wasm32": "0.35.0",
				"@img/sharp-libvips-darwin-arm64": "1.3.0",
				"@img/sharp-libvips-darwin-x64": "1.3.0",
				"@img/sharp-libvips-linux-arm": "1.3.0",
				"@img/sharp-libvips-linux-arm64": "1.3.0",
				"@img/sharp-libvips-linux-ppc64": "1.3.0",
				"@img/sharp-libvips-linux-riscv64": "1.3.0",
				"@img/sharp-libvips-linux-s390x": "1.3.0",
				"@img/sharp-libvips-linux-x64": "1.3.0",
				"@img/sharp-libvips-linuxmusl-arm64": "1.3.0",
				"@img/sharp-libvips-linuxmusl-x64": "1.3.0",
				"@img/sharp-linux-arm": "0.35.0",
				"@img/sharp-linux-arm64": "0.35.0",
				"@img/sharp-linux-ppc64": "0.35.0",
				"@img/sharp-linux-riscv64": "0.35.0",
				"@img/sharp-linux-s390x": "0.35.0",
				"@img/sharp-linux-x64": "0.35.0",
				"@img/sharp-linuxmusl-arm64": "0.35.0",
				"@img/sharp-linuxmusl-x64": "0.35.0",
				"@img/sharp-webcontainers-wasm32": "0.35.0",
				"@img/sharp-win32-arm64": "0.35.0",
				"@img/sharp-win32-ia32": "0.35.0",
				"@img/sharp-win32-x64": "0.35.0",
				"detect-libc": "^2.1.2",
				"semver": "^7.8.4"
			}
		},
		"string-width": {
			"version": "4.2.3",
			"dev": true,
			"requires": {
				"emoji-regex": "^8.0.0",
				"is-fullwidth-code-point": "^3.0.0",
				"strip-ansi": "^6.0.1"
			}
		},
		"strip-ansi": {
			"version": "6.0.1",
			"dev": true,
			"requires": {
				"ansi-regex": "^5.0.1"
			}
		},
		"supports-color": {
			"version": "7.2.0",
			"dev": true,
			"requires": {
				"has-flag": "^4.0.0"
			}
		},
		"tslib": {
			"version": "2.8.1",
			"resolved": "https://registry.npmjs.org/tslib/-/tslib-2.8.1.tgz",
			"integrity": "sha512-oJFu94HQb+KVduSUQL7wnpmqnfmLsOA/nAh6b6EH0wCEoK0/mPeXU6c3wKDV83MkOuHPRHtSXKKU99IBazS/2w==",
			"dev": true,
			"optional": true
		},
		"universalify": {
			"version": "2.0.0",
			"dev": true
		},
		"wrap-ansi": {
			"version": "7.0.0",
			"dev": true,
			"requires": {
				"ansi-styles": "^4.0.0",
				"string-width": "^4.1.0",
				"strip-ansi": "^6.0.0"
			}
		},
		"wrappy": {
			"version": "1.0.2",
			"dev": true
		},
		"y18n": {
			"version": "5.0.8",
			"dev": true
		},
		"yargs": {
			"version": "17.2.1",
			"dev": true,
			"requires": {
				"cliui": "^7.0.2",
				"escalade": "^3.1.1",
				"get-caller-file": "^2.0.5",
				"require-directory": "^2.1.1",
				"string-width": "^4.2.0",
				"y18n": "^5.0.5",
				"yargs-parser": "^20.2.2"
			}
		},
		"yargs-parser": {
			"version": "20.2.9",
			"dev": true
		},
		"zip-local": {
			"version": "0.3.5",
			"resolved": "https://registry.npmjs.org/zip-local/-/zip-local-0.3.5.tgz",
			"integrity": "sha512-GRV3D5TJY+/PqyeRm5CYBs7xVrKTKzljBoEXvocZu0HJ7tPEcgpSOYa2zFIsCZWgKWMuc4U3yMFgFkERGFIB9w==",
			"dev": true,
			"requires": {
				"async": "^1.4.2",
				"graceful-fs": "^4.1.3",
				"jszip": "^2.6.1",
				"q": "^1.4.1"
			}
		}
	}
}
